
Microsoft Visual Studio Solution File, Format Version 12.00
# Visual Studio Version 16
VisualStudioVersion = 16.0.30413.136
MinimumVisualStudioVersion = 10.0.40219.1
Project("{FAE04EC0-301F-11D3-BF4B-00C04F79EFBC}") = "CIS4290SeniorProjectSpring2021", "CIS4290SeniorProjectSpring2021.csproj", "{0AD5167D-3F2B-07C4-3AFB-22B136F07405}"
EndProject
Global
	GlobalSection(SolutionConfigurationPlatforms) = preSolution
		Debug|Any CPU = Debug|Any CPU
		Release|Any CPU = Release|Any CPU
	EndGlobalSection
	GlobalSection(ProjectConfigurationPlatforms) = postSolution
		{0AD5167D-3F2B-07C4-3AFB-22B136F07405}.Debug|Any CPU.ActiveCfg = Debug|Any CPU
		{0AD5167D-3F2B-07C4-3AFB-22B136F07405}.Debug|Any CPU.Build.0 = Debug|Any CPU
		{0AD5167D-3F2B-07C4-3AFB-22B136F07405}.Release|Any CPU.ActiveCfg = Release|Any CPU
		{0AD5167D-3F2B-07C4-3AFB-22B136F07405}.Release|Any CPU.Build.0 = Release|Any CPU
	EndGlobalSection
	GlobalSection(SolutionProperties) = preSolution
		HideSolutionNode = FALSE
	EndGlobalSection
	GlobalSection(ExtensibilityGlobals) = postSolution
		SolutionGuid = {0F0D859A-868B-4234-A17A-A714E0257344}
	EndGlobalSection
EndGlobal
